// !$*UTF8*$!
{
	archiveVersion = 1;
	classes = {
	};
	objectVersion = 50;
	objects = {

/* Begin PBXBuildFile section */
		F5B50002231E381900943B0B /* RequestHelper.swift in Sources */ = {isa = PBXBuildFile; fileRef = F5B50001231E381900943B0B /* RequestHelper.swift */; };
		F5B50009231E3CE500943B0B /* Place.swift in Sources */ = {isa = PBXBuildFile; fileRef = F5B50008231E3CE500943B0B /* Place.swift */; };
		F5B50019231EAC2700943B0B /* CustomAnnotation.swift in Sources */ = {isa = PBXBuildFile; fileRef = F5B50018231EAC2700943B0B /* CustomAnnotation.swift */; };
		F5B5001B231F65FE00943B0B /* CustomAnnotationView.swift in Sources */ = {isa = PBXBuildFile; fileRef = F5B5001A231F65FE00943B0B /* CustomAnnotationView.swift */; };
		F5B5FFDE231DFE2300943B0B /* AppDelegate.swift in Sources */ = {isa = PBXBuildFile; fileRef = F5B5FFDD231DFE2300943B0B /* AppDelegate.swift */; };
		F5B5FFE0231DFE2300943B0B /* MapViewController.swift in Sources */ = {isa = PBXBuildFile; fileRef = F5B5FFDF231DFE2300943B0B /* MapViewController.swift */; };
		F5B5FFE3231DFE2300943B0B /* Main.storyboard in Resources */ = {isa = PBXBuildFile; fileRef = F5B5FFE1231DFE2300943B0B /* Main.storyboard */; };
		F5B5FFE6231DFE2300943B0B /* Places_Demo.xcdatamodeld in Sources */ = {isa = PBXBuildFile; fileRef = F5B5FFE4231DFE2300943B0B /* Places_Demo.xcdatamodeld */; };
		F5B5FFE8231DFE2B00943B0B /* Assets.xcassets in Resources */ = {isa = PBXBuildFile; fileRef = F5B5FFE7231DFE2B00943B0B /* Assets.xcassets */; };
		F5B5FFEB231DFE2B00943B0B /* LaunchScreen.storyboard in Resources */ = {isa = PBXBuildFile; fileRef = F5B5FFE9231DFE2B00943B0B /* LaunchScreen.storyboard */; };
		F5B5FFF6231DFE2B00943B0B /* Places_DemoTests.swift in Sources */ = {isa = PBXBuildFile; fileRef = F5B5FFF5231DFE2B00943B0B /* Places_DemoTests.swift */; };
		F5F5F1182320D43800AEC169 /* Coordinates.swift in Sources */ = {isa = PBXBuildFile; fileRef = F5F5F1172320D43800AEC169 /* Coordinates.swift */; };
		F5F5F11A2320E15200AEC169 /* CoreDataHelper.swift in Sources */ = {isa = PBXBuildFile; fileRef = F5F5F1192320E15200AEC169 /* CoreDataHelper.swift */; };
/* End PBXBuildFile section */

/* Begin PBXContainerItemProxy section */
		F5B5FFF2231DFE2B00943B0B /* PBXContainerItemProxy */ = {
			isa = PBXContainerItemProxy;
			containerPortal = F5B5FFD2231DFE2300943B0B /* Project object */;
			proxyType = 1;
			remoteGlobalIDString = F5B5FFD9231DFE2300943B0B;
			remoteInfo = "Places Demo";
		};
/* End PBXContainerItemProxy section */

/* Begin PBXFileReference section */
		F5B50001231E381900943B0B /* RequestHelper.swift */ = {isa = PBXFileReference; lastKnownFileType = sourcecode.swift; path = RequestHelper.swift; sourceTree = "<group>"; };
		F5B50008231E3CE500943B0B /* Place.swift */ = {isa = PBXFileReference; lastKnownFileType = sourcecode.swift; path = Place.swift; sourceTree = "<group>"; };
		F5B50018231EAC2700943B0B /* CustomAnnotation.swift */ = {isa = PBXFileReference; lastKnownFileType = sourcecode.swift; path = CustomAnnotation.swift; sourceTree = "<group>"; };
		F5B5001A231F65FE00943B0B /* CustomAnnotationView.swift */ = {isa = PBXFileReference; lastKnownFileType = sourcecode.swift; path = CustomAnnotationView.swift; sourceTree = "<group>"; };
		F5B5FFDA231DFE2300943B0B /* Places Demo.app */ = {isa = PBXFileReference; explicitFileType = wrapper.application; includeInIndex = 0; path = "Places Demo.app"; sourceTree = BUILT_PRODUCTS_DIR; };
		F5B5FFDD231DFE2300943B0B /* AppDelegate.swift */ = {isa = PBXFileReference; lastKnownFileType = sourcecode.swift; path = AppDelegate.swift; sourceTree = "<group>"; };
		F5B5FFDF231DFE2300943B0B /* MapViewController.swift */ = {isa = PBXFileReference; lastKnownFileType = sourcecode.swift; path = MapViewController.swift; sourceTree = "<group>"; };
		F5B5FFE2231DFE2300943B0B /* Base */ = {isa = PBXFileReference; lastKnownFileType = file.storyboard; name = Base; path = Base.lproj/Main.storyboard; sourceTree = "<group>"; };
		F5B5FFE5231DFE2300943B0B /* Places_Demo.xcdatamodel */ = {isa = PBXFileReference; lastKnownFileType = wrapper.xcdatamodel; path = Places_Demo.xcdatamodel; sourceTree = "<group>"; };
		F5B5FFE7231DFE2B00943B0B /* Assets.xcassets */ = {isa = PBXFileReference; lastKnownFileType = folder.assetcatalog; path = Assets.xcassets; sourceTree = "<group>"; };
		F5B5FFEA231DFE2B00943B0B /* Base */ = {isa = PBXFileReference; lastKnownFileType = file.storyboard; name = Base; path = Base.lproj/LaunchScreen.storyboard; sourceTree = "<group>"; };
		F5B5FFEC231DFE2B00943B0B /* Info.plist */ = {isa = PBXFileReference; lastKnownFileType = text.plist.xml; path = Info.plist; sourceTree = "<group>"; };
		F5B5FFF1231DFE2B00943B0B /* Places DemoTests.xctest */ = {isa = PBXFileReference; explicitFileType = wrapper.cfbundle; includeInIndex = 0; path = "Places DemoTests.xctest"; sourceTree = BUILT_PRODUCTS_DIR; };
		F5B5FFF5231DFE2B00943B0B /* Places_DemoTests.swift */ = {isa = PBXFileReference; lastKnownFileType = sourcecode.swift; path = Places_DemoTests.swift; sourceTree = "<group>"; };
		F5B5FFF7231DFE2B00943B0B /* Info.plist */ = {isa = PBXFileReference; lastKnownFileType = text.plist.xml; path = Info.plist; sourceTree = "<group>"; };
		F5F5F1172320D43800AEC169 /* Coordinates.swift */ = {isa = PBXFileReference; lastKnownFileType = sourcecode.swift; path = Coordinates.swift; sourceTree = "<group>"; };
		F5F5F1192320E15200AEC169 /* CoreDataHelper.swift */ = {isa = PBXFileReference; lastKnownFileType = sourcecode.swift; path = CoreDataHelper.swift; sourceTree = "<group>"; };
/* End PBXFileReference section */

/* Begin PBXFrameworksBuildPhase section */
		F5B5FFD7231DFE2300943B0B /* Frameworks */ = {
			isa = PBXFrameworksBuildPhase;
			buildActionMask = 2147483647;
			files = (
			);
			runOnlyForDeploymentPostprocessing = 0;
		};
		F5B5FFEE231DFE2B00943B0B /* Frameworks */ = {
			isa = PBXFrameworksBuildPhase;
			buildActionMask = 2147483647;
			files = (
			);
			runOnlyForDeploymentPostprocessing = 0;
		};
/* End PBXFrameworksBuildPhase section */

/* Begin PBXGroup section */
		F5B50000231E373900943B0B /* Helper */ = {
			isa = PBXGroup;
			children = (
				F5B50001231E381900943B0B /* RequestHelper.swift */,
				F5F5F1192320E15200AEC169 /* CoreDataHelper.swift */,
			);
			path = Helper;
			sourceTree = "<group>";
		};
		F5B50003231E3BEA00943B0B /* Model */ = {
			isa = PBXGroup;
			children = (
				F5B50008231E3CE500943B0B /* Place.swift */,
			);
			path = Model;
			sourceTree = "<group>";
		};
		F5B50004231E3BF100943B0B /* View */ = {
			isa = PBXGroup;
			children = (
				F5B50018231EAC2700943B0B /* CustomAnnotation.swift */,
				F5B5001A231F65FE00943B0B /* CustomAnnotationView.swift */,
				F5B5FFE1231DFE2300943B0B /* Main.storyboard */,
			);
			path = View;
			sourceTree = "<group>";
		};
		F5B50005231E3BFC00943B0B /* Controller */ = {
			isa = PBXGroup;
			children = (
				F5B5FFDF231DFE2300943B0B /* MapViewController.swift */,
			);
			path = Controller;
			sourceTree = "<group>";
		};
		F5B5FFD1231DFE2300943B0B = {
			isa = PBXGroup;
			children = (
				F5B5FFDC231DFE2300943B0B /* Places Demo */,
				F5B5FFF4231DFE2B00943B0B /* Places DemoTests */,
				F5B5FFDB231DFE2300943B0B /* Products */,
			);
			sourceTree = "<group>";
		};
		F5B5FFDB231DFE2300943B0B /* Products */ = {
			isa = PBXGroup;
			children = (
				F5B5FFDA231DFE2300943B0B /* Places Demo.app */,
				F5B5FFF1231DFE2B00943B0B /* Places DemoTests.xctest */,
			);
			name = Products;
			sourceTree = "<group>";
		};
		F5B5FFDC231DFE2300943B0B /* Places Demo */ = {
			isa = PBXGroup;
			children = (
				F5B50003231E3BEA00943B0B /* Model */,
				F5B50004231E3BF100943B0B /* View */,
				F5B50005231E3BFC00943B0B /* Controller */,
				F5B50000231E373900943B0B /* Helper */,
				F5F5F1102320CFF500AEC169 /* Core Data */,
				F5B5FFDD231DFE2300943B0B /* AppDelegate.swift */,
				F5B5FFE7231DFE2B00943B0B /* Assets.xcassets */,
				F5B5FFE9231DFE2B00943B0B /* LaunchScreen.storyboard */,
				F5B5FFEC231DFE2B00943B0B /* Info.plist */,
			);
			path = "Places Demo";
			sourceTree = "<group>";
		};
		F5B5FFF4231DFE2B00943B0B /* Places DemoTests */ = {
			isa = PBXGroup;
			children = (
				F5B5FFF5231DFE2B00943B0B /* Places_DemoTests.swift */,
				F5B5FFF7231DFE2B00943B0B /* Info.plist */,
			);
			path = "Places DemoTests";
			sourceTree = "<group>";
		};
		F5F5F1102320CFF500AEC169 /* Core Data */ = {
			isa = PBXGroup;
			children = (
				F5B5FFE4231DFE2300943B0B /* Places_Demo.xcdatamodeld */,
				F5F5F1172320D43800AEC169 /* Coordinates.swift */,
			);
			path = "Core Data";
			sourceTree = "<group>";
		};
/* End PBXGroup section */

/* Begin PBXNativeTarget section */
		F5B5FFD9231DFE2300943B0B /* Places Demo */ = {
			isa = PBXNativeTarget;
			buildConfigurationList = F5B5FFFA231DFE2B00943B0B /* Build configuration list for PBXNativeTarget "Places Demo" */;
			buildPhases = (
				F5B5FFD6231DFE2300943B0B /* Sources */,
				F5B5FFD7231DFE2300943B0B /* Frameworks */,
				F5B5FFD8231DFE2300943B0B /* Resources */,
			);
			buildRules = (
			);
			dependencies = (
			);
			name = "Places Demo";
			productName = "Places Demo";
			productReference = F5B5FFDA231DFE2300943B0B /* Places Demo.app */;
			productType = "com.apple.product-type.application";
		};
		F5B5FFF0231DFE2B00943B0B /* Places DemoTests */ = {
			isa = PBXNativeTarget;
			buildConfigurationList = F5B5FFFD231DFE2B00943B0B /* Build configuration list for PBXNativeTarget "Places DemoTests" */;
			buildPhases = (
				F5B5FFED231DFE2B00943B0B /* Sources */,
				F5B5FFEE231DFE2B00943B0B /* Frameworks */,
				F5B5FFEF231DFE2B00943B0B /* Resources */,
			);
			buildRules = (
			);
			dependencies = (
				F5B5FFF3231DFE2B00943B0B /* PBXTargetDependency */,
			);
			name = "Places DemoTests";
			productName = "Places DemoTests";
			productReference = F5B5FFF1231DFE2B00943B0B /* Places DemoTests.xctest */;
			productType = "com.apple.product-type.bundle.unit-test";
		};
/* End PBXNativeTarget section */

/* Begin PBXProject section */
		F5B5FFD2231DFE2300943B0B /* Project object */ = {
			isa = PBXProject;
			attributes = {
				LastSwiftUpdateCheck = 1020;
				LastUpgradeCheck = 1020;
				ORGANIZATIONNAME = "Allan Pagdanganan";
				TargetAttributes = {
					F5B5FFD9231DFE2300943B0B = {
						CreatedOnToolsVersion = 10.2.1;
					};
					F5B5FFF0231DFE2B00943B0B = {
						CreatedOnToolsVersion = 10.2.1;
						TestTargetID = F5B5FFD9231DFE2300943B0B;
					};
				};
			};
			buildConfigurationList = F5B5FFD5231DFE2300943B0B /* Build configuration list for PBXProject "Places Demo" */;
			compatibilityVersion = "Xcode 9.3";
			developmentRegion = en;
			hasScannedForEncodings = 0;
			knownRegions = (
				en,
				Base,
			);
			mainGroup = F5B5FFD1231DFE2300943B0B;
			productRefGroup = F5B5FFDB231DFE2300943B0B /* Products */;
			projectDirPath = "";
			projectRoot = "";
			targets = (
				F5B5FFD9231DFE2300943B0B /* Places Demo */,
				F5B5FFF0231DFE2B00943B0B /* Places DemoTests */,
			);
		};
/* End PBXProject section */

/* Begin PBXResourcesBuildPhase section */
		F5B5FFD8231DFE2300943B0B /* Resources */ = {
			isa = PBXResourcesBuildPhase;
			buildActionMask = 2147483647;
			files = (
				F5B5FFEB231DFE2B00943B0B /* LaunchScreen.storyboard in Resources */,
				F5B5FFE8231DFE2B00943B0B /* Assets.xcassets in Resources */,
				F5B5FFE3231DFE2300943B0B /* Main.storyboard in Resources */,
			);
			runOnlyForDeploymentPostprocessing = 0;
		};
		F5B5FFEF231DFE2B00943B0B /* Resources */ = {
			isa = PBXResourcesBuildPhase;
			buildActionMask = 2147483647;
			files = (
			);
			runOnlyForDeploymentPostprocessing = 0;
		};
/* End PBXResourcesBuildPhase section */

/* Begin PBXSourcesBuildPhase section */
		F5B5FFD6231DFE2300943B0B /* Sources */ = {
			isa = PBXSourcesBuildPhase;
			buildActionMask = 2147483647;
			files = (
				F5B5FFE6231DFE2300943B0B /* Places_Demo.xcdatamodeld in Sources */,
				F5B5FFE0231DFE2300943B0B /* MapViewController.swift in Sources */,
				F5B5FFDE231DFE2300943B0B /* AppDelegate.swift in Sources */,
				F5B50002231E381900943B0B /* RequestHelper.swift in Sources */,
				F5B50009231E3CE500943B0B /* Place.swift in Sources */,
				F5B5001B231F65FE00943B0B /* CustomAnnotationView.swift in Sources */,
				F5F5F11A2320E15200AEC169 /* CoreDataHelper.swift in Sources */,
				F5B50019231EAC2700943B0B /* CustomAnnotation.swift in Sources */,
				F5F5F1182320D43800AEC169 /* Coordinates.swift in Sources */,
			);
			runOnlyForDeploymentPostprocessing = 0;
		};
		F5B5FFED231DFE2B00943B0B /* Sources */ = {
			isa = PBXSourcesBuildPhase;
			buildActionMask = 2147483647;
			files = (
				F5B5FFF6231DFE2B00943B0B /* Places_DemoTests.swift in Sources */,
			);
			runOnlyForDeploymentPostprocessing = 0;
		};
/* End PBXSourcesBuildPhase section */

/* Begin PBXTargetDependency section */
		F5B5FFF3231DFE2B00943B0B /* PBXTargetDependency */ = {
			isa = PBXTargetDependency;
			target = F5B5FFD9231DFE2300943B0B /* Places Demo */;
			targetProxy = F5B5FFF2231DFE2B00943B0B /* PBXContainerItemProxy */;
		};
/* End PBXTargetDependency section */

/* Begin PBXVariantGroup section */
		F5B5FFE1231DFE2300943B0B /* Main.storyboard */ = {
			isa = PBXVariantGroup;
			children = (
				F5B5FFE2231DFE2300943B0B /* Base */,
			);
			name = Main.storyboard;
			sourceTree = "<group>";
		};
		F5B5FFE9231DFE2B00943B0B /* LaunchScreen.storyboard */ = {
			isa = PBXVariantGroup;
			children = (
				F5B5FFEA231DFE2B00943B0B /* Base */,
			);
			name = LaunchScreen.storyboard;
			sourceTree = "<group>";
		};
/* End PBXVariantGroup section */

/* Begin XCBuildConfiguration section */
		F5B5FFF8231DFE2B00943B0B /* Debug */ = {
			isa = XCBuildConfiguration;
			buildSettings = {
				ALWAYS_SEARCH_USER_PATHS = NO;
				CLANG_ANALYZER_NONNULL = YES;
				CLANG_ANALYZER_NUMBER_OBJECT_CONVERSION = YES_AGGRESSIVE;
				CLANG_CXX_LANGUAGE_STANDARD = "gnu++14";
				CLANG_CXX_LIBRARY = "libc++";
				CLANG_ENABLE_MODULES = YES;
				CLANG_ENABLE_OBJC_ARC = YES;
				CLANG_ENABLE_OBJC_WEAK = YES;
				CLANG_WARN_BLOCK_CAPTURE_AUTORELEASING = YES;
				CLANG_WARN_BOOL_CONVERSION = YES;
				CLANG_WARN_COMMA = YES;
				CLANG_WARN_CONSTANT_CONVERSION = YES;
				CLANG_WARN_DEPRECATED_OBJC_IMPLEMENTATIONS = YES;
				CLANG_WARN_DIRECT_OBJC_ISA_USAGE = YES_ERROR;
				CLANG_WARN_DOCUMENTATION_COMMENTS = YES;
				CLANG_WARN_EMPTY_BODY = YES;
				CLANG_WARN_ENUM_CONVERSION = YES;
				CLANG_WARN_INFINITE_RECURSION = YES;
				CLANG_WARN_INT_CONVERSION = YES;
				CLANG_WARN_NON_LITERAL_NULL_CONVERSION = YES;
				CLANG_WARN_OBJC_IMPLICIT_RETAIN_SELF = YES;
				CLANG_WARN_OBJC_LITERAL_CONVERSION = YES;
				CLANG_WARN_OBJC_ROOT_CLASS = YES_ERROR;
				CLANG_WARN_RANGE_LOOP_ANALYSIS = YES;
				CLANG_WARN_STRICT_PROTOTYPES = YES;
				CLANG_WARN_SUSPICIOUS_MOVE = YES;
				CLANG_WARN_UNGUARDED_AVAILABILITY = YES_AGGRESSIVE;
				CLANG_WARN_UNREACHABLE_CODE = YES;
				CLANG_WARN__DUPLICATE_METHOD_MATCH = YES;
				CODE_SIGN_IDENTITY = "iPhone Developer";
				COPY_PHASE_STRIP = NO;
				DEBUG_INFORMATION_FORMAT = dwarf;
				ENABLE_STRICT_OBJC_MSGSEND = YES;
				ENABLE_TESTABILITY = YES;
				GCC_C_LANGUAGE_STANDARD = gnu11;
				GCC_DYNAMIC_NO_PIC = NO;
				GCC_NO_COMMON_BLOCKS = YES;
				GCC_OPTIMIZATION_LEVEL = 0;
				GCC_PREPROCESSOR_DEFINITIONS = (
					"DEBUG=1",
					"$(inherited)",
				);
				GCC_WARN_64_TO_32_BIT_CONVERSION = YES;
				GCC_WARN_ABOUT_RETURN_TYPE = YES_ERROR;
				GCC_WARN_UNDECLARED_SELECTOR = YES;
				GCC_WARN_UNINITIALIZED_AUTOS = YES_AGGRESSIVE;
				GCC_WARN_UNUSED_FUNCTION = YES;
				GCC_WARN_UNUSED_VARIABLE = YES;
				IPHONEOS_DEPLOYMENT_TARGET = 12.2;
				MTL_ENABLE_DEBUG_INFO = INCLUDE_SOURCE;
				MTL_FAST_MATH = YES;
				ONLY_ACTIVE_ARCH = YES;
				SDKROOT = iphoneos;
				SWIFT_ACTIVE_COMPILATION_CONDITIONS = DEBUG;
				SWIFT_OPTIMIZATION_LEVEL = "-Onone";
			};
			name = Debug;
		};
		F5B5FFF9231DFE2B00943B0B /* Release */ = {
			isa = XCBuildConfiguration;
			buildSettings = {
				ALWAYS_SEARCH_USER_PATHS = NO;
				CLANG_ANALYZER_NONNULL = YES;
				CLANG_ANALYZER_NUMBER_OBJECT_CONVERSION = YES_AGGRESSIVE;
				CLANG_CXX_LANGUAGE_STANDARD = "gnu++14";
				CLANG_CXX_LIBRARY = "libc++";
				CLANG_ENABLE_MODULES = YES;
				CLANG_ENABLE_OBJC_ARC = YES;
				CLANG_ENABLE_OBJC_WEAK = YES;
				CLANG_WARN_BLOCK_CAPTURE_AUTORELEASING = YES;
				CLANG_WARN_BOOL_CONVERSION = YES;
				CLANG_WARN_COMMA = YES;
				CLANG_WARN_CONSTANT_CONVERSION = YES;
				CLANG_WARN_DEPRECATED_OBJC_IMPLEMENTATIONS = YES;
				CLANG_WARN_DIRECT_OBJC_ISA_USAGE = YES_ERROR;
				CLANG_WARN_DOCUMENTATION_COMMENTS = YES;
				CLANG_WARN_EMPTY_BODY = YES;
				CLANG_WARN_ENUM_CONVERSION = YES;
				CLANG_WARN_INFINITE_RECURSION = YES;
				CLANG_WARN_INT_CONVERSION = YES;
				CLANG_WARN_NON_LITERAL_NULL_CONVERSION = YES;
				CLANG_WARN_OBJC_IMPLICIT_RETAIN_SELF = YES;
				CLANG_WARN_OBJC_LITERAL_CONVERSION = YES;
				CLANG_WARN_OBJC_ROOT_CLASS = YES_ERROR;
				CLANG_WARN_RANGE_LOOP_ANALYSIS = YES;
				CLANG_WARN_STRICT_PROTOTYPES = YES;
				CLANG_WARN_SUSPICIOUS_MOVE = YES;
				CLANG_WARN_UNGUARDED_AVAILABILITY = YES_AGGRESSIVE;
				CLANG_WARN_UNREACHABLE_CODE = YES;
				CLANG_WARN__DUPLICATE_METHOD_MATCH = YES;
				CODE_SIGN_IDENTITY = "iPhone Developer";
				COPY_PHASE_STRIP = NO;
				DEBUG_INFORMATION_FORMAT = "dwarf-with-dsym";
				ENABLE_NS_ASSERTIONS = NO;
				ENABLE_STRICT_OBJC_MSGSEND = YES;
				GCC_C_LANGUAGE_STANDARD = gnu11;
				GCC_NO_COMMON_BLOCKS = YES;
				GCC_WARN_64_TO_32_BIT_CONVERSION = YES;
				GCC_WARN_ABOUT_RETURN_TYPE = YES_ERROR;
				GCC_WARN_UNDECLARED_SELECTOR = YES;
				GCC_WARN_UNINITIALIZED_AUTOS = YES_AGGRESSIVE;
				GCC_WARN_UNUSED_FUNCTION = YES;
				GCC_WARN_UNUSED_VARIABLE = YES;
				IPHONEOS_DEPLOYMENT_TARGET = 12.2;
				MTL_ENABLE_DEBUG_INFO = NO;
				MTL_FAST_MATH = YES;
				SDKROOT = iphoneos;
				SWIFT_COMPILATION_MODE = wholemodule;
				SWIFT_OPTIMIZATION_LEVEL = "-O";
				VALIDATE_PRODUCT = YES;
			};
			name = Release;
		};
		F5B5FFFB231DFE2B00943B0B /* Debug */ = {
			isa = XCBuildConfiguration;
			buildSettings = {
				ASSETCATALOG_COMPILER_APPICON_NAME = AppIcon;
				CODE_SIGN_STYLE = Automatic;
				DEVELOPMENT_TEAM = 6JSAHZ3JB4;
				INFOPLIST_FILE = "Places Demo/Info.plist";
				LD_RUNPATH_SEARCH_PATHS = (
					"$(inherited)",
					"@executable_path/Frameworks",
				);
				PRODUCT_BUNDLE_IDENTIFIER = "English-Central.Places-Demo";
				PRODUCT_NAME = "$(TARGET_NAME)";
				SWIFT_VERSION = 5.0;
				TARGETED_DEVICE_FAMILY = "1,2";
			};
			name = Debug;
		};
		F5B5FFFC231DFE2B00943B0B /* Release */ = {
			isa = XCBuildConfiguration;
			buildSettings = {
				ASSETCATALOG_COMPILER_APPICON_NAME = AppIcon;
				CODE_SIGN_STYLE = Automatic;
				DEVELOPMENT_TEAM = 6JSAHZ3JB4;
				INFOPLIST_FILE = "Places Demo/Info.plist";
				LD_RUNPATH_SEARCH_PATHS = (
					"$(inherited)",
					"@executable_path/Frameworks",
				);
				PRODUCT_BUNDLE_IDENTIFIER = "English-Central.Places-Demo";
				PRODUCT_NAME = "$(TARGET_NAME)";
				SWIFT_VERSION = 5.0;
				TARGETED_DEVICE_FAMILY = "1,2";
			};
			name = Release;
		};
		F5B5FFFE231DFE2B00943B0B /* Debug */ = {
			isa = XCBuildConfiguration;
			buildSettings = {
				ALWAYS_EMBED_SWIFT_STANDARD_LIBRARIES = YES;
				BUNDLE_LOADER = "$(TEST_HOST)";
				CODE_SIGN_STYLE = Automatic;
				DEVELOPMENT_TEAM = 6JSAHZ3JB4;
				INFOPLIST_FILE = "Places DemoTests/Info.plist";
				LD_RUNPATH_SEARCH_PATHS = (
					"$(inherited)",
					"@executable_path/Frameworks",
					"@loader_path/Frameworks",
				);
				PRODUCT_BUNDLE_IDENTIFIER = "English-Central.Places-DemoTests";
				PRODUCT_NAME = "$(TARGET_NAME)";
				SWIFT_VERSION = 5.0;
				TARGETED_DEVICE_FAMILY = "1,2";
				TEST_HOST = "$(BUILT_PRODUCTS_DIR)/Places Demo.app/Places Demo";
			};
			name = Debug;
		};
		F5B5FFFF231DFE2B00943B0B /* Release */ = {
			isa = XCBuildConfiguration;
			buildSettings = {
				ALWAYS_EMBED_SWIFT_STANDARD_LIBRARIES = YES;
				BUNDLE_LOADER = "$(TEST_HOST)";
				CODE_SIGN_STYLE = Automatic;
				DEVELOPMENT_TEAM = 6JSAHZ3JB4;
				INFOPLIST_FILE = "Places DemoTests/Info.plist";
				LD_RUNPATH_SEARCH_PATHS = (
					"$(inherited)",
					"@executable_path/Frameworks",
					"@loader_path/Frameworks",
				);
				PRODUCT_BUNDLE_IDENTIFIER = "English-Central.Places-DemoTests";
				PRODUCT_NAME = "$(TARGET_NAME)";
				SWIFT_VERSION = 5.0;
				TARGETED_DEVICE_FAMILY = "1,2";
				TEST_HOST = "$(BUILT_PRODUCTS_DIR)/Places Demo.app/Places Demo";
			};
			name = Release;
		};
/* End XCBuildConfiguration section */

/* Begin XCConfigurationList section */
		F5B5FFD5231DFE2300943B0B /* Build configuration list for PBXProject "Places Demo" */ = {
			isa = XCConfigurationList;
			buildConfigurations = (
				F5B5FFF8231DFE2B00943B0B /* Debug */,
				F5B5FFF9231DFE2B00943B0B /* Release */,
			);
			defaultConfigurationIsVisible = 0;
			defaultConfigurationName = Release;
		};
		F5B5FFFA231DFE2B00943B0B /* Build configuration list for PBXNativeTarget "Places Demo" */ = {
			isa = XCConfigurationList;
			buildConfigurations = (
				F5B5FFFB231DFE2B00943B0B /* Debug */,
				F5B5FFFC231DFE2B00943B0B /* Release */,
			);
			defaultConfigurationIsVisible = 0;
			defaultConfigurationName = Release;
		};
		F5B5FFFD231DFE2B00943B0B /* Build configuration list for PBXNativeTarget "Places DemoTests" */ = {
			isa = XCConfigurationList;
			buildConfigurations = (
				F5B5FFFE231DFE2B00943B0B /* Debug */,
				F5B5FFFF231DFE2B00943B0B /* Release */,
			);
			defaultConfigurationIsVisible = 0;
			defaultConfigurationName = Release;
		};
/* End XCConfigurationList section */

/* Begin XCVersionGroup section */
		F5B5FFE4231DFE2300943B0B /* Places_Demo.xcdatamodeld */ = {
			isa = XCVersionGroup;
			children = (
				F5B5FFE5231DFE2300943B0B /* Places_Demo.xcdatamodel */,
			);
			currentVersion = F5B5FFE5231DFE2300943B0B /* Places_Demo.xcdatamodel */;
			path = Places_Demo.xcdatamodeld;
			sourceTree = "<group>";
			versionGroupType = wrapper.xcdatamodel;
		};
/* End XCVersionGroup section */
	};
	rootObject = F5B5FFD2231DFE2300943B0B /* Project object */;
}
